DEPENDENCIES
  apt (~> 6.1.4)
  backups
    path: vendor/cookbooks/backups
  build-essential (~> 8.0.4)
  chef-rails
    path: .
    metadata: true
  imagemagick (~> 0.2.3)
  mysql (~> 8.5.1)
  nginx (~> 7.0.2)
  packages
    path: vendor/cookbooks/packages
  poise-service (~> 1.5.2)
  postfix (~> 5.2.1)
  rails
    path: vendor/cookbooks/rails
  ruby_build (= 1.1.0)
  ruby_rbenv (~> 2.0.6)
  ssh_deploy_keys
    path: vendor/cookbooks/ssh_deploy_keys
  sudo (~> 4.0.0)
  sysadmins
    path: vendor/cookbooks/sysadmins
  users (~> 4.0.3)

GRAPH
  apt (6.1.4)
  backups (0.1.0)
  bluepill (4.0.2)
    rsyslog (>= 2.0)
  build-essential (8.0.4)
    mingw (>= 1.1)
    seven_zip (>= 0.0.0)
  chef-rails (0.1.0)
    apt (~> 6.1.4)
    backups (>= 0.0.0)
    build-essential (~> 8.0.4)
    imagemagick (~> 0.2.3)
    mysql (~> 8.5.1)
    nginx (~> 7.0.2)
    packages (>= 0.0.0)
    poise-service (~> 1.5.2)
    postfix (~> 5.2.1)
    rails (>= 0.0.0)
    ruby_build (~> 1.1.0)
    ruby_rbenv (~> 2.0.6)
    ssh_deploy_keys (>= 0.0.0)
    sudo (~> 4.0.0)
    sysadmins (>= 0.0.0)
    users (~> 4.0.3)
  compat_resource (12.19.1)
  database (6.1.1)
    postgresql (>= 1.0.0)
  git (8.0.1)
    build-essential (>= 0.0.0)
    homebrew (>= 0.0.0)
  homebrew (4.3.0)
  imagemagick (0.2.3)
  logrotate (2.2.0)
  mingw (2.0.1)
    seven_zip (>= 0.0.0)
  mysql (8.5.1)
  nginx (7.0.2)
    build-essential (>= 0.0.0)
    compat_resource (>= 12.16.3)
    ohai (>= 4.1.0)
    yum-epel (>= 0.0.0)
    zypper (>= 0.0.0)
  ohai (5.2.1)
  openssl (8.1.2)
  packages (0.1.0)
  poise (2.8.1)
  poise-service (1.5.2)
    poise (~> 2.0)
  postfix (5.2.1)
  postgresql (6.1.1)
    build-essential (>= 2.0.0)
    compat_resource (>= 12.16.3)
    openssl (>= 4.0)
  rails (0.5.0)
    bluepill (>= 0.0.0)
    database (>= 0.0.0)
    logrotate (>= 0.0.0)
    mysql (~> 8.5.1)
    nginx (~> 7.0.2)
    poise-service (~> 1.5.2)
    ruby_rbenv (~> 2.0.6)
    sudo (~> 4.0.0)
  rsyslog (6.0.4)
  ruby_build (1.1.0)
    git (>= 0.0.0)
    yum-epel (>= 0.0.0)
  ruby_rbenv (2.0.6)
  seven_zip (2.0.2)
    windows (>= 1.2.2)
  ssh_deploy_keys (0.1.0)
  sudo (4.0.0)
  sysadmins (0.1.3)
  users (4.0.3)
  windows (3.4.4)
    ohai (>= 4.0.0)
  yum-epel (2.1.2)
    compat_resource (>= 12.16.3)
  zypper (0.4.0)
